
Microsoft Visual Studio Solution File, Format Version 12.00
# Visual Studio Version 17
VisualStudioVersion = 17.0.31903.59
MinimumVisualStudioVersion = 10.0.40219.1
Project("{9A19103F-16F7-4668-BE54-9A1E7A4F7556}") = "E3dLeafCore", "E3dLeafCore\E3dLeafCore.csproj", "{C1A11111-1111-4111-8111-111111111111}"
EndProject
Project("{9A19103F-16F7-4668-BE54-9A1E7A4F7556}") = "E3dLeafWeb.Standalone", "E3dLeafWeb.Standalone\E3dLeafWeb.Standalone.csproj", "{C2A22222-2222-4222-8222-222222222222}"
EndProject
Project("{9A19103F-16F7-4668-BE54-9A1E7A4F7556}") = "E3dLeafWeb.Addin", "E3dLeafWeb.Addin\E3dLeafWeb.Addin.csproj", "{C3A33333-3333-4333-8333-333333333333}"
EndProject
Global
	GlobalSection(SolutionConfigurationPlatforms) = preSolution
		Debug|x86 = Debug|x86
		Release|x86 = Release|x86
	EndGlobalSection
	GlobalSection(ProjectConfigurationPlatforms) = postSolution
		{C1A11111-1111-4111-8111-111111111111}.Debug|x86.ActiveCfg = Debug|Any CPU
		{C1A11111-1111-4111-8111-111111111111}.Debug|x86.Build.0 = Debug|Any CPU
		{C1A11111-1111-4111-8111-111111111111}.Release|x86.ActiveCfg = Release|Any CPU
		{C1A11111-1111-4111-8111-111111111111}.Release|x86.Build.0 = Release|Any CPU
		{C2A22222-2222-4222-8222-222222222222}.Debug|x86.ActiveCfg = Debug|x86
		{C2A22222-2222-4222-8222-222222222222}.Debug|x86.Build.0 = Debug|x86
		{C2A22222-2222-4222-8222-222222222222}.Release|x86.ActiveCfg = Release|x86
		{C2A22222-2222-4222-8222-222222222222}.Release|x86.Build.0 = Release|x86
		{C3A33333-3333-4333-8333-333333333333}.Debug|x86.ActiveCfg = Debug|x86
		{C3A33333-3333-4333-8333-333333333333}.Debug|x86.Build.0 = Debug|x86
		{C3A33333-3333-4333-8333-333333333333}.Release|x86.ActiveCfg = Release|x86
		{C3A33333-3333-4333-8333-333333333333}.Release|x86.Build.0 = Release|x86
	EndGlobalSection
	GlobalSection(SolutionProperties) = preSolution
		HideSolutionNode = FALSE
	EndGlobalSection
EndGlobal
